
Microsoft Visual Studio Solution File, Format Version 12.00
# Visual Studio Version 17
VisualStudioVersion = 17.9.34407.89
MinimumVisualStudioVersion = 10.0.40219.1
Project("{54A90642-561A-4BB1-A94E-469ADEE60C69}") = "EVO.UserInterface", "EVO.UserInterface\EVO.UserInterface.esproj", "{EF58F0C5-B80B-4D9D-A2E7-6F53A3BF9EE5}"
EndProject
Project("{FAE04EC0-301F-11D3-BF4B-00C04F79EFBC}") = "EVO.Common", "EVO.Common\EVO.Common.csproj", "{37C23A48-42FE-433E-BE55-5B897A8ACD98}"
EndProject
Project("{FAE04EC0-301F-11D3-BF4B-00C04F79EFBC}") = "EVO.Repository", "EVO.Repository\EVO.Repository.csproj", "{39D206DE-2ACB-4A7E-AD91-56B37CC6269A}"
EndProject
Global
	GlobalSection(SolutionConfigurationPlatforms) = preSolution
		Debug|Any CPU = Debug|Any CPU
		Release|Any CPU = Release|Any CPU
	EndGlobalSection
	GlobalSection(ProjectConfigurationPlatforms) = postSolution
		{EF58F0C5-B80B-4D9D-A2E7-6F53A3BF9EE5}.Debug|Any CPU.ActiveCfg = Debug|Any CPU
		{EF58F0C5-B80B-4D9D-A2E7-6F53A3BF9EE5}.Debug|Any CPU.Build.0 = Debug|Any CPU
		{EF58F0C5-B80B-4D9D-A2E7-6F53A3BF9EE5}.Debug|Any CPU.Deploy.0 = Debug|Any CPU
		{EF58F0C5-B80B-4D9D-A2E7-6F53A3BF9EE5}.Release|Any CPU.ActiveCfg = Release|Any CPU
		{EF58F0C5-B80B-4D9D-A2E7-6F53A3BF9EE5}.Release|Any CPU.Build.0 = Release|Any CPU
		{EF58F0C5-B80B-4D9D-A2E7-6F53A3BF9EE5}.Release|Any CPU.Deploy.0 = Release|Any CPU
		{37C23A48-42FE-433E-BE55-5B897A8ACD98}.Debug|Any CPU.ActiveCfg = Debug|Any CPU
		{37C23A48-42FE-433E-BE55-5B897A8ACD98}.Debug|Any CPU.Build.0 = Debug|Any CPU
		{37C23A48-42FE-433E-BE55-5B897A8ACD98}.Release|Any CPU.ActiveCfg = Release|Any CPU
		{37C23A48-42FE-433E-BE55-5B897A8ACD98}.Release|Any CPU.Build.0 = Release|Any CPU
		{39D206DE-2ACB-4A7E-AD91-56B37CC6269A}.Debug|Any CPU.ActiveCfg = Debug|Any CPU
		{39D206DE-2ACB-4A7E-AD91-56B37CC6269A}.Debug|Any CPU.Build.0 = Debug|Any CPU
		{39D206DE-2ACB-4A7E-AD91-56B37CC6269A}.Release|Any CPU.ActiveCfg = Release|Any CPU
		{39D206DE-2ACB-4A7E-AD91-56B37CC6269A}.Release|Any CPU.Build.0 = Release|Any CPU
	EndGlobalSection
	GlobalSection(SolutionProperties) = preSolution
		HideSolutionNode = FALSE
	EndGlobalSection
	GlobalSection(ExtensibilityGlobals) = postSolution
		SolutionGuid = {5478702B-D5AF-4F30-8E4D-AAC4EDE1796E}
	EndGlobalSection
EndGlobal
